
Microsoft Visual Studio Solution File, Format Version 12.00
# Visual Studio Version 17
VisualStudioVersion = 17.14.36109.1
MinimumVisualStudioVersion = 10.0.40219.1
Project("{FAE04EC0-301F-11D3-BF4B-00C04F79EFBC}") = "WebApp", "Sistema_Reserva_v1\WebApp.csproj", "{3E684F3B-9428-4F2F-93CE-0933EFB01409}"
EndProject
Project("{FAE04EC0-301F-11D3-BF4B-00C04F79EFBC}") = "Domain", "Domain\Domain.csproj", "{C15CBD50-2C54-4658-8400-663A77B4F517}"
EndProject
Project("{FAE04EC0-301F-11D3-BF4B-00C04F79EFBC}") = "SqlAccess", "Infrastructure\SqlAccess.csproj", "{DEA739A2-E076-46FD-943F-280432FEAB1E}"
EndProject
Project("{FAE04EC0-301F-11D3-BF4B-00C04F79EFBC}") = "Application", "Application\Application.csproj", "{F4A7ACC3-9B0B-4D80-8069-E632F84C76E7}"
EndProject
Global
	GlobalSection(SolutionConfigurationPlatforms) = preSolution
		Debug|Any CPU = Debug|Any CPU
		Release|Any CPU = Release|Any CPU
	EndGlobalSection
	GlobalSection(ProjectConfigurationPlatforms) = postSolution
		{3E684F3B-9428-4F2F-93CE-0933EFB01409}.Debug|Any CPU.ActiveCfg = Debug|Any CPU
		{3E684F3B-9428-4F2F-93CE-0933EFB01409}.Debug|Any CPU.Build.0 = Debug|Any CPU
		{3E684F3B-9428-4F2F-93CE-0933EFB01409}.Release|Any CPU.ActiveCfg = Release|Any CPU
		{3E684F3B-9428-4F2F-93CE-0933EFB01409}.Release|Any CPU.Build.0 = Release|Any CPU
		{C15CBD50-2C54-4658-8400-663A77B4F517}.Debug|Any CPU.ActiveCfg = Debug|Any CPU
		{C15CBD50-2C54-4658-8400-663A77B4F517}.Debug|Any CPU.Build.0 = Debug|Any CPU
		{C15CBD50-2C54-4658-8400-663A77B4F517}.Release|Any CPU.ActiveCfg = Release|Any CPU
		{C15CBD50-2C54-4658-8400-663A77B4F517}.Release|Any CPU.Build.0 = Release|Any CPU
		{DEA739A2-E076-46FD-943F-280432FEAB1E}.Debug|Any CPU.ActiveCfg = Debug|Any CPU
		{DEA739A2-E076-46FD-943F-280432FEAB1E}.Debug|Any CPU.Build.0 = Debug|Any CPU
		{DEA739A2-E076-46FD-943F-280432FEAB1E}.Release|Any CPU.ActiveCfg = Release|Any CPU
		{DEA739A2-E076-46FD-943F-280432FEAB1E}.Release|Any CPU.Build.0 = Release|Any CPU
		{F4A7ACC3-9B0B-4D80-8069-E632F84C76E7}.Debug|Any CPU.ActiveCfg = Debug|Any CPU
		{F4A7ACC3-9B0B-4D80-8069-E632F84C76E7}.Debug|Any CPU.Build.0 = Debug|Any CPU
		{F4A7ACC3-9B0B-4D80-8069-E632F84C76E7}.Release|Any CPU.ActiveCfg = Release|Any CPU
		{F4A7ACC3-9B0B-4D80-8069-E632F84C76E7}.Release|Any CPU.Build.0 = Release|Any CPU
	EndGlobalSection
	GlobalSection(SolutionProperties) = preSolution
		HideSolutionNode = FALSE
	EndGlobalSection
	GlobalSection(ExtensibilityGlobals) = postSolution
		SolutionGuid = {3AAC5ED7-B1AB-4050-B9B9-EA4BA83DD63F}
	EndGlobalSection
EndGlobal
